
Microsoft Visual Studio Solution File, Format Version 12.00
# Visual Studio 15
VisualStudioVersion = 15.0.27703.2035
MinimumVisualStudioVersion = 10.0.40219.1
Project("{FAE04EC0-301F-11D3-BF4B-00C04F79EFBC}") = "CardinalInventoryApp.Android", "CardinalInventoryApp\CardinalInventoryApp.Android\CardinalInventoryApp.Android.csproj", "{5FE2B2DF-AFC7-47DF-BFCE-8672DAC5E34E}"
EndProject
Project("{FAE04EC0-301F-11D3-BF4B-00C04F79EFBC}") = "CardinalInventoryApp.iOS", "CardinalInventoryApp\CardinalInventoryApp.iOS\CardinalInventoryApp.iOS.csproj", "{A9D071EF-DD94-4126-BCF7-3CB0103E0C53}"
EndProject
Project("{FAE04EC0-301F-11D3-BF4B-00C04F79EFBC}") = "CardinalInventoryApp.UWP", "CardinalInventoryApp\CardinalInventoryApp.UWP\CardinalInventoryApp.UWP.csproj", "{D4D640D4-55F1-4C2A-A707-4812FEFBF468}"
EndProject
Project("{9A19103F-16F7-4668-BE54-9A1E7A4F7556}") = "CardinalInventoryApp", "CardinalInventoryApp\CardinalInventoryApp\CardinalInventoryApp.csproj", "{D6AB4235-F600-424C-959B-22B24C92B0AC}"
EndProject
Project("{FAE04EC0-301F-11D3-BF4B-00C04F79EFBC}") = "CardinalInventoryApp.watchOS.WatchOSApp", "CardinalInventoryApp.watchOS\CardinalInventoryApp.watchOS.WatchOSApp\CardinalInventoryApp.watchOS.WatchOSApp.csproj", "{A0E9284B-B8EE-4A26-A98D-33C26D29CAAD}"
EndProject
Project("{FAE04EC0-301F-11D3-BF4B-00C04F79EFBC}") = "CardinalInventoryApp.watchOS.WatchOSExtension", "CardinalInventoryApp.watchOS\CardinalInventoryApp.watchOS.WatchOSExtension\CardinalInventoryApp.watchOS.WatchOSExtension.csproj", "{651BBA40-27EF-4218-B520-819459E6830C}"
EndProject
Global
	GlobalSection(SolutionConfigurationPlatforms) = preSolution
		Ad-Hoc|Any CPU = Ad-Hoc|Any CPU
		Ad-Hoc|ARM = Ad-Hoc|ARM
		Ad-Hoc|iPhone = Ad-Hoc|iPhone
		Ad-Hoc|iPhoneSimulator = Ad-Hoc|iPhoneSimulator
		Ad-Hoc|x64 = Ad-Hoc|x64
		Ad-Hoc|x86 = Ad-Hoc|x86
		AppStore|Any CPU = AppStore|Any CPU
		AppStore|ARM = AppStore|ARM
		AppStore|iPhone = AppStore|iPhone
		AppStore|iPhoneSimulator = AppStore|iPhoneSimulator
		AppStore|x64 = AppStore|x64
		AppStore|x86 = AppStore|x86
		Debug|Any CPU = Debug|Any CPU
		Debug|ARM = Debug|ARM
		Debug|iPhone = Debug|iPhone
		Debug|iPhoneSimulator = Debug|iPhoneSimulator
		Debug|x64 = Debug|x64
		Debug|x86 = Debug|x86
		Release|Any CPU = Release|Any CPU
		Release|ARM = Release|ARM
		Release|iPhone = Release|iPhone
		Release|iPhoneSimulator = Release|iPhoneSimulator
		Release|x64 = Release|x64
		Release|x86 = Release|x86
	EndGlobalSection
	GlobalSection(ProjectConfigurationPlatforms) = postSolution
		{5FE2B2DF-AFC7-47DF-BFCE-8672DAC5E34E}.Ad-Hoc|Any CPU.ActiveCfg = Release|Any CPU
		{5FE2B2DF-AFC7-47DF-BFCE-8672DAC5E34E}.Ad-Hoc|Any CPU.Build.0 = Release|Any CPU
		{5FE2B2DF-AFC7-47DF-BFCE-8672DAC5E34E}.Ad-Hoc|Any CPU.Deploy.0 = Release|Any CPU
		{5FE2B2DF-AFC7-47DF-BFCE-8672DAC5E34E}.Ad-Hoc|ARM.ActiveCfg = Release|Any CPU
		{5FE2B2DF-AFC7-47DF-BFCE-8672DAC5E34E}.Ad-Hoc|ARM.Build.0 = Release|Any CPU
		{5FE2B2DF-AFC7-47DF-BFCE-8672DAC5E34E}.Ad-Hoc|ARM.Deploy.0 = Release|Any CPU
		{5FE2B2DF-AFC7-47DF-BFCE-8672DAC5E34E}.Ad-Hoc|iPhone.ActiveCfg = Release|Any CPU
		{5FE2B2DF-AFC7-47DF-BFCE-8672DAC5E34E}.Ad-Hoc|iPhone.Build.0 = Release|Any CPU
		{5FE2B2DF-AFC7-47DF-BFCE-8672DAC5E34E}.Ad-Hoc|iPhone.Deploy.0 = Release|Any CPU
		{5FE2B2DF-AFC7-47DF-BFCE-8672DAC5E34E}.Ad-Hoc|iPhoneSimulator.ActiveCfg = Release|Any CPU
		{5FE2B2DF-AFC7-47DF-BFCE-8672DAC5E34E}.Ad-Hoc|iPhoneSimulator.Build.0 = Release|Any CPU
		{5FE2B2DF-AFC7-47DF-BFCE-8672DAC5E34E}.Ad-Hoc|iPhoneSimulator.Deploy.0 = Release|Any CPU
		{5FE2B2DF-AFC7-47DF-BFCE-8672DAC5E34E}.Ad-Hoc|x64.ActiveCfg = Release|Any CPU
		{5FE2B2DF-AFC7-47DF-BFCE-8672DAC5E34E}.Ad-Hoc|x64.Build.0 = Release|Any CPU
		{5FE2B2DF-AFC7-47DF-BFCE-8672DAC5E34E}.Ad-Hoc|x64.Deploy.0 = Release|Any CPU
		{5FE2B2DF-AFC7-47DF-BFCE-8672DAC5E34E}.Ad-Hoc|x86.ActiveCfg = Release|Any CPU
		{5FE2B2DF-AFC7-47DF-BFCE-8672DAC5E34E}.Ad-Hoc|x86.Build.0 = Release|Any CPU
		{5FE2B2DF-AFC7-47DF-BFCE-8672DAC5E34E}.Ad-Hoc|x86.Deploy.0 = Release|Any CPU
		{5FE2B2DF-AFC7-47DF-BFCE-8672DAC5E34E}.AppStore|Any CPU.ActiveCfg = Release|Any CPU
		{5FE2B2DF-AFC7-47DF-BFCE-8672DAC5E34E}.AppStore|Any CPU.Build.0 = Release|Any CPU
		{5FE2B2DF-AFC7-47DF-BFCE-8672DAC5E34E}.AppStore|Any CPU.Deploy.0 = Release|Any CPU
		{5FE2B2DF-AFC7-47DF-BFCE-8672DAC5E34E}.AppStore|ARM.ActiveCfg = Release|Any CPU
		{5FE2B2DF-AFC7-47DF-BFCE-8672DAC5E34E}.AppStore|ARM.Build.0 = Release|Any CPU
		{5FE2B2DF-AFC7-47DF-BFCE-8672DAC5E34E}.AppStore|ARM.Deploy.0 = Release|Any CPU
		{5FE2B2DF-AFC7-47DF-BFCE-8672DAC5E34E}.AppStore|iPhone.ActiveCfg = Release|Any CPU
		{5FE2B2DF-AFC7-47DF-BFCE-8672DAC5E34E}.AppStore|iPhone.Build.0 = Release|Any CPU
		{5FE2B2DF-AFC7-47DF-BFCE-8672DAC5E34E}.AppStore|iPhone.Deploy.0 = Release|Any CPU
		{5FE2B2DF-AFC7-47DF-BFCE-8672DAC5E34E}.AppStore|iPhoneSimulator.ActiveCfg = Release|Any CPU
		{5FE2B2DF-AFC7-47DF-BFCE-8672DAC5E34E}.AppStore|iPhoneSimulator.Build.0 = Release|Any CPU
		{5FE2B2DF-AFC7-47DF-BFCE-8672DAC5E34E}.AppStore|iPhoneSimulator.Deploy.0 = Release|Any CPU
		{5FE2B2DF-AFC7-47DF-BFCE-8672DAC5E34E}.AppStore|x64.ActiveCfg = Release|Any CPU
		{5FE2B2DF-AFC7-47DF-BFCE-8672DAC5E34E}.AppStore|x64.Build.0 = Release|Any CPU
		{5FE2B2DF-AFC7-47DF-BFCE-8672DAC5E34E}.AppStore|x64.Deploy.0 = Release|Any CPU
		{5FE2B2DF-AFC7-47DF-BFCE-8672DAC5E34E}.AppStore|x86.ActiveCfg = Release|Any CPU
		{5FE2B2DF-AFC7-47DF-BFCE-8672DAC5E34E}.AppStore|x86.Build.0 = Release|Any CPU
		{5FE2B2DF-AFC7-47DF-BFCE-8672DAC5E34E}.AppStore|x86.Deploy.0 = Release|Any CPU
		{5FE2B2DF-AFC7-47DF-BFCE-8672DAC5E34E}.Debug|Any CPU.ActiveCfg = Debug|Any CPU
		{5FE2B2DF-AFC7-47DF-BFCE-8672DAC5E34E}.Debug|Any CPU.Build.0 = Debug|Any CPU
		{5FE2B2DF-AFC7-47DF-BFCE-8672DAC5E34E}.Debug|Any CPU.Deploy.0 = Debug|Any CPU
		{5FE2B2DF-AFC7-47DF-BFCE-8672DAC5E34E}.Debug|ARM.ActiveCfg = Debug|Any CPU
		{5FE2B2DF-AFC7-47DF-BFCE-8672DAC5E34E}.Debug|ARM.Build.0 = Debug|Any CPU
		{5FE2B2DF-AFC7-47DF-BFCE-8672DAC5E34E}.Debug|ARM.Deploy.0 = Debug|Any CPU
		{5FE2B2DF-AFC7-47DF-BFCE-8672DAC5E34E}.Debug|iPhone.ActiveCfg = Debug|Any CPU
		{5FE2B2DF-AFC7-47DF-BFCE-8672DAC5E34E}.Debug|iPhone.Build.0 = Debug|Any CPU
		{5FE2B2DF-AFC7-47DF-BFCE-8672DAC5E34E}.Debug|iPhone.Deploy.0 = Debug|Any CPU
		{5FE2B2DF-AFC7-47DF-BFCE-8672DAC5E34E}.Debug|iPhoneSimulator.ActiveCfg = Debug|Any CPU
		{5FE2B2DF-AFC7-47DF-BFCE-8672DAC5E34E}.Debug|iPhoneSimulator.Build.0 = Debug|Any CPU
		{5FE2B2DF-AFC7-47DF-BFCE-8672DAC5E34E}.Debug|iPhoneSimulator.Deploy.0 = Debug|Any CPU
		{5FE2B2DF-AFC7-47DF-BFCE-8672DAC5E34E}.Debug|x64.ActiveCfg = Debug|Any CPU
		{5FE2B2DF-AFC7-47DF-BFCE-8672DAC5E34E}.Debug|x64.Build.0 = Debug|Any CPU
		{5FE2B2DF-AFC7-47DF-BFCE-8672DAC5E34E}.Debug|x64.Deploy.0 = Debug|Any CPU
		{5FE2B2DF-AFC7-47DF-BFCE-8672DAC5E34E}.Debug|x86.ActiveCfg = Debug|Any CPU
		{5FE2B2DF-AFC7-47DF-BFCE-8672DAC5E34E}.Debug|x86.Build.0 = Debug|Any CPU
		{5FE2B2DF-AFC7-47DF-BFCE-8672DAC5E34E}.Debug|x86.Deploy.0 = Debug|Any CPU
		{5FE2B2DF-AFC7-47DF-BFCE-8672DAC5E34E}.Release|Any CPU.ActiveCfg = Release|Any CPU
		{5FE2B2DF-AFC7-47DF-BFCE-8672DAC5E34E}.Release|Any CPU.Build.0 = Release|Any CPU
		{5FE2B2DF-AFC7-47DF-BFCE-8672DAC5E34E}.Release|Any CPU.Deploy.0 = Release|Any CPU
		{5FE2B2DF-AFC7-47DF-BFCE-8672DAC5E34E}.Release|ARM.ActiveCfg = Release|Any CPU
		{5FE2B2DF-AFC7-47DF-BFCE-8672DAC5E34E}.Release|ARM.Build.0 = Release|Any CPU
		{5FE2B2DF-AFC7-47DF-BFCE-8672DAC5E34E}.Release|ARM.Deploy.0 = Release|Any CPU
		{5FE2B2DF-AFC7-47DF-BFCE-8672DAC5E34E}.Release|iPhone.ActiveCfg = Release|Any CPU
		{5FE2B2DF-AFC7-47DF-BFCE-8672DAC5E34E}.Release|iPhone.Build.0 = Release|Any CPU
		{5FE2B2DF-AFC7-47DF-BFCE-8672DAC5E34E}.Release|iPhone.Deploy.0 = Release|Any CPU
		{5FE2B2DF-AFC7-47DF-BFCE-8672DAC5E34E}.Release|iPhoneSimulator.ActiveCfg = Release|Any CPU
		{5FE2B2DF-AFC7-47DF-BFCE-8672DAC5E34E}.Release|iPhoneSimulator.Build.0 = Release|Any CPU
		{5FE2B2DF-AFC7-47DF-BFCE-8672DAC5E34E}.Release|iPhoneSimulator.Deploy.0 = Release|Any CPU
		{5FE2B2DF-AFC7-47DF-BFCE-8672DAC5E34E}.Release|x64.ActiveCfg = Release|Any CPU
		{5FE2B2DF-AFC7-47DF-BFCE-8672DAC5E34E}.Release|x64.Build.0 = Release|Any CPU
		{5FE2B2DF-AFC7-47DF-BFCE-8672DAC5E34E}.Release|x64.Deploy.0 = Release|Any CPU
		{5FE2B2DF-AFC7-47DF-BFCE-8672DAC5E34E}.Release|x86.ActiveCfg = Release|Any CPU
		{5FE2B2DF-AFC7-47DF-BFCE-8672DAC5E34E}.Release|x86.Build.0 = Release|Any CPU
		{5FE2B2DF-AFC7-47DF-BFCE-8672DAC5E34E}.Release|x86.Deploy.0 = Release|Any CPU
		{A9D071EF-DD94-4126-BCF7-3CB0103E0C53}.Ad-Hoc|Any CPU.ActiveCfg = Ad-Hoc|iPhone
		{A9D071EF-DD94-4126-BCF7-3CB0103E0C53}.Ad-Hoc|Any CPU.Build.0 = Ad-Hoc|iPhone
		{A9D071EF-DD94-4126-BCF7-3CB0103E0C53}.Ad-Hoc|Any CPU.Deploy.0 = Ad-Hoc|iPhone
		{A9D071EF-DD94-4126-BCF7-3CB0103E0C53}.Ad-Hoc|ARM.ActiveCfg = Ad-Hoc|iPhone
		{A9D071EF-DD94-4126-BCF7-3CB0103E0C53}.Ad-Hoc|ARM.Build.0 = Ad-Hoc|iPhone
		{A9D071EF-DD94-4126-BCF7-3CB0103E0C53}.Ad-Hoc|ARM.Deploy.0 = Ad-Hoc|iPhone
		{A9D071EF-DD94-4126-BCF7-3CB0103E0C53}.Ad-Hoc|iPhone.ActiveCfg = Ad-Hoc|iPhone
		{A9D071EF-DD94-4126-BCF7-3CB0103E0C53}.Ad-Hoc|iPhone.Build.0 = Ad-Hoc|iPhone
		{A9D071EF-DD94-4126-BCF7-3CB0103E0C53}.Ad-Hoc|iPhone.Deploy.0 = Ad-Hoc|iPhone
		{A9D071EF-DD94-4126-BCF7-3CB0103E0C53}.Ad-Hoc|iPhoneSimulator.ActiveCfg = Ad-Hoc|iPhoneSimulator
		{A9D071EF-DD94-4126-BCF7-3CB0103E0C53}.Ad-Hoc|iPhoneSimulator.Build.0 = Ad-Hoc|iPhoneSimulator
		{A9D071EF-DD94-4126-BCF7-3CB0103E0C53}.Ad-Hoc|iPhoneSimulator.Deploy.0 = Ad-Hoc|iPhoneSimulator
		{A9D071EF-DD94-4126-BCF7-3CB0103E0C53}.Ad-Hoc|x64.ActiveCfg = Ad-Hoc|iPhone
		{A9D071EF-DD94-4126-BCF7-3CB0103E0C53}.Ad-Hoc|x64.Build.0 = Ad-Hoc|iPhone
		{A9D071EF-DD94-4126-BCF7-3CB0103E0C53}.Ad-Hoc|x64.Deploy.0 = Ad-Hoc|iPhone
		{A9D071EF-DD94-4126-BCF7-3CB0103E0C53}.Ad-Hoc|x86.ActiveCfg = Ad-Hoc|iPhone
		{A9D071EF-DD94-4126-BCF7-3CB0103E0C53}.Ad-Hoc|x86.Build.0 = Ad-Hoc|iPhone
		{A9D071EF-DD94-4126-BCF7-3CB0103E0C53}.Ad-Hoc|x86.Deploy.0 = Ad-Hoc|iPhone
		{A9D071EF-DD94-4126-BCF7-3CB0103E0C53}.AppStore|Any CPU.ActiveCfg = AppStore|iPhone
		{A9D071EF-DD94-4126-BCF7-3CB0103E0C53}.AppStore|Any CPU.Build.0 = AppStore|iPhone
		{A9D071EF-DD94-4126-BCF7-3CB0103E0C53}.AppStore|Any CPU.Deploy.0 = AppStore|iPhone
		{A9D071EF-DD94-4126-BCF7-3CB0103E0C53}.AppStore|ARM.ActiveCfg = AppStore|iPhone
		{A9D071EF-DD94-4126-BCF7-3CB0103E0C53}.AppStore|ARM.Build.0 = AppStore|iPhone
		{A9D071EF-DD94-4126-BCF7-3CB0103E0C53}.AppStore|ARM.Deploy.0 = AppStore|iPhone
		{A9D071EF-DD94-4126-BCF7-3CB0103E0C53}.AppStore|iPhone.ActiveCfg = AppStore|iPhone
		{A9D071EF-DD94-4126-BCF7-3CB0103E0C53}.AppStore|iPhone.Build.0 = AppStore|iPhone
		{A9D071EF-DD94-4126-BCF7-3CB0103E0C53}.AppStore|iPhone.Deploy.0 = AppStore|iPhone
		{A9D071EF-DD94-4126-BCF7-3CB0103E0C53}.AppStore|iPhoneSimulator.ActiveCfg = AppStore|iPhoneSimulator
		{A9D071EF-DD94-4126-BCF7-3CB0103E0C53}.AppStore|iPhoneSimulator.Build.0 = AppStore|iPhoneSimulator
		{A9D071EF-DD94-4126-BCF7-3CB0103E0C53}.AppStore|iPhoneSimulator.Deploy.0 = AppStore|iPhoneSimulator
		{A9D071EF-DD94-4126-BCF7-3CB0103E0C53}.AppStore|x64.ActiveCfg = AppStore|iPhone
		{A9D071EF-DD94-4126-BCF7-3CB0103E0C53}.AppStore|x64.Build.0 = AppStore|iPhone
		{A9D071EF-DD94-4126-BCF7-3CB0103E0C53}.AppStore|x64.Deploy.0 = AppStore|iPhone
		{A9D071EF-DD94-4126-BCF7-3CB0103E0C53}.AppStore|x86.ActiveCfg = AppStore|iPhone
		{A9D071EF-DD94-4126-BCF7-3CB0103E0C53}.AppStore|x86.Build.0 = AppStore|iPhone
		{A9D071EF-DD94-4126-BCF7-3CB0103E0C53}.AppStore|x86.Deploy.0 = AppStore|iPhone
		{A9D071EF-DD94-4126-BCF7-3CB0103E0C53}.Debug|Any CPU.ActiveCfg = Debug|iPhoneSimulator
		{A9D071EF-DD94-4126-BCF7-3CB0103E0C53}.Debug|Any CPU.Build.0 = Debug|iPhoneSimulator
		{A9D071EF-DD94-4126-BCF7-3CB0103E0C53}.Debug|Any CPU.Deploy.0 = Debug|iPhoneSimulator
		{A9D071EF-DD94-4126-BCF7-3CB0103E0C53}.Debug|ARM.ActiveCfg = Debug|iPhone
		{A9D071EF-DD94-4126-BCF7-3CB0103E0C53}.Debug|ARM.Build.0 = Debug|iPhone
		{A9D071EF-DD94-4126-BCF7-3CB0103E0C53}.Debug|ARM.Deploy.0 = Debug|iPhone
		{A9D071EF-DD94-4126-BCF7-3CB0103E0C53}.Debug|iPhone.ActiveCfg = Debug|iPhone
		{A9D071EF-DD94-4126-BCF7-3CB0103E0C53}.Debug|iPhone.Build.0 = Debug|iPhone
		{A9D071EF-DD94-4126-BCF7-3CB0103E0C53}.Debug|iPhone.Deploy.0 = Debug|iPhone
		{A9D071EF-DD94-4126-BCF7-3CB0103E0C53}.Debug|iPhoneSimulator.ActiveCfg = Debug|iPhoneSimulator
		{A9D071EF-DD94-4126-BCF7-3CB0103E0C53}.Debug|iPhoneSimulator.Build.0 = Debug|iPhoneSimulator
		{A9D071EF-DD94-4126-BCF7-3CB0103E0C53}.Debug|iPhoneSimulator.Deploy.0 = Debug|iPhoneSimulator
		{A9D071EF-DD94-4126-BCF7-3CB0103E0C53}.Debug|x64.ActiveCfg = Debug|iPhone
		{A9D071EF-DD94-4126-BCF7-3CB0103E0C53}.Debug|x64.Build.0 = Debug|iPhone
		{A9D071EF-DD94-4126-BCF7-3CB0103E0C53}.Debug|x64.Deploy.0 = Debug|iPhone
		{A9D071EF-DD94-4126-BCF7-3CB0103E0C53}.Debug|x86.ActiveCfg = Debug|iPhone
		{A9D071EF-DD94-4126-BCF7-3CB0103E0C53}.Debug|x86.Build.0 = Debug|iPhone
		{A9D071EF-DD94-4126-BCF7-3CB0103E0C53}.Debug|x86.Deploy.0 = Debug|iPhone
		{A9D071EF-DD94-4126-BCF7-3CB0103E0C53}.Release|Any CPU.ActiveCfg = Release|iPhone
		{A9D071EF-DD94-4126-BCF7-3CB0103E0C53}.Release|Any CPU.Build.0 = Release|iPhone
		{A9D071EF-DD94-4126-BCF7-3CB0103E0C53}.Release|Any CPU.Deploy.0 = Release|iPhone
		{A9D071EF-DD94-4126-BCF7-3CB0103E0C53}.Release|ARM.ActiveCfg = Release|iPhone
		{A9D071EF-DD94-4126-BCF7-3CB0103E0C53}.Release|ARM.Build.0 = Release|iPhone
		{A9D071EF-DD94-4126-BCF7-3CB0103E0C53}.Release|ARM.Deploy.0 = Release|iPhone
		{A9D071EF-DD94-4126-BCF7-3CB0103E0C53}.Release|iPhone.ActiveCfg = Release|iPhone
		{A9D071EF-DD94-4126-BCF7-3CB0103E0C53}.Release|iPhone.Build.0 = Release|iPhone
		{A9D071EF-DD94-4126-BCF7-3CB0103E0C53}.Release|iPhone.Deploy.0 = Release|iPhone
		{A9D071EF-DD94-4126-BCF7-3CB0103E0C53}.Release|iPhoneSimulator.ActiveCfg = Release|iPhoneSimulator
		{A9D071EF-DD94-4126-BCF7-3CB0103E0C53}.Release|iPhoneSimulator.Build.0 = Release|iPhoneSimulator
		{A9D071EF-DD94-4126-BCF7-3CB0103E0C53}.Release|iPhoneSimulator.Deploy.0 = Release|iPhoneSimulator
		{A9D071EF-DD94-4126-BCF7-3CB0103E0C53}.Release|x64.ActiveCfg = Release|iPhone
		{A9D071EF-DD94-4126-BCF7-3CB0103E0C53}.Release|x64.Build.0 = Release|iPhone
		{A9D071EF-DD94-4126-BCF7-3CB0103E0C53}.Release|x64.Deploy.0 = Release|iPhone
		{A9D071EF-DD94-4126-BCF7-3CB0103E0C53}.Release|x86.ActiveCfg = Release|iPhone
		{A9D071EF-DD94-4126-BCF7-3CB0103E0C53}.Release|x86.Build.0 = Release|iPhone
		{A9D071EF-DD94-4126-BCF7-3CB0103E0C53}.Release|x86.Deploy.0 = Release|iPhone
		{D4D640D4-55F1-4C2A-A707-4812FEFBF468}.Ad-Hoc|Any CPU.ActiveCfg = Release|x86
		{D4D640D4-55F1-4C2A-A707-4812FEFBF468}.Ad-Hoc|Any CPU.Build.0 = Release|x86
		{D4D640D4-55F1-4C2A-A707-4812FEFBF468}.Ad-Hoc|Any CPU.Deploy.0 = Release|x86
		{D4D640D4-55F1-4C2A-A707-4812FEFBF468}.Ad-Hoc|ARM.ActiveCfg = Release|ARM
		{D4D640D4-55F1-4C2A-A707-4812FEFBF468}.Ad-Hoc|ARM.Build.0 = Release|ARM
		{D4D640D4-55F1-4C2A-A707-4812FEFBF468}.Ad-Hoc|ARM.Deploy.0 = Release|ARM
		{D4D640D4-55F1-4C2A-A707-4812FEFBF468}.Ad-Hoc|iPhone.ActiveCfg = Release|x86
		{D4D640D4-55F1-4C2A-A707-4812FEFBF468}.Ad-Hoc|iPhone.Build.0 = Release|x86
		{D4D640D4-55F1-4C2A-A707-4812FEFBF468}.Ad-Hoc|iPhone.Deploy.0 = Release|x86
		{D4D640D4-55F1-4C2A-A707-4812FEFBF468}.Ad-Hoc|iPhoneSimulator.ActiveCfg = Release|x86
		{D4D640D4-55F1-4C2A-A707-4812FEFBF468}.Ad-Hoc|iPhoneSimulator.Build.0 = Release|x86
		{D4D640D4-55F1-4C2A-A707-4812FEFBF468}.Ad-Hoc|iPhoneSimulator.Deploy.0 = Release|x86
		{D4D640D4-55F1-4C2A-A707-4812FEFBF468}.Ad-Hoc|x64.ActiveCfg = Release|x64
		{D4D640D4-55F1-4C2A-A707-4812FEFBF468}.Ad-Hoc|x64.Build.0 = Release|x64
		{D4D640D4-55F1-4C2A-A707-4812FEFBF468}.Ad-Hoc|x64.Deploy.0 = Release|x64
		{D4D640D4-55F1-4C2A-A707-4812FEFBF468}.Ad-Hoc|x86.ActiveCfg = Release|x86
		{D4D640D4-55F1-4C2A-A707-4812FEFBF468}.Ad-Hoc|x86.Build.0 = Release|x86
		{D4D640D4-55F1-4C2A-A707-4812FEFBF468}.Ad-Hoc|x86.Deploy.0 = Release|x86
		{D4D640D4-55F1-4C2A-A707-4812FEFBF468}.AppStore|Any CPU.ActiveCfg = Release|x86
		{D4D640D4-55F1-4C2A-A707-4812FEFBF468}.AppStore|Any CPU.Build.0 = Release|x86
		{D4D640D4-55F1-4C2A-A707-4812FEFBF468}.AppStore|Any CPU.Deploy.0 = Release|x86
		{D4D640D4-55F1-4C2A-A707-4812FEFBF468}.AppStore|ARM.ActiveCfg = Release|ARM
		{D4D640D4-55F1-4C2A-A707-4812FEFBF468}.AppStore|ARM.Build.0 = Release|ARM
		{D4D640D4-55F1-4C2A-A707-4812FEFBF468}.AppStore|ARM.Deploy.0 = Release|ARM
		{D4D640D4-55F1-4C2A-A707-4812FEFBF468}.AppStore|iPhone.ActiveCfg = Release|x86
		{D4D640D4-55F1-4C2A-A707-4812FEFBF468}.AppStore|iPhone.Build.0 = Release|x86
		{D4D640D4-55F1-4C2A-A707-4812FEFBF468}.AppStore|iPhone.Deploy.0 = Release|x86
		{D4D640D4-55F1-4C2A-A707-4812FEFBF468}.AppStore|iPhoneSimulator.ActiveCfg = Release|x86
		{D4D640D4-55F1-4C2A-A707-4812FEFBF468}.AppStore|iPhoneSimulator.Build.0 = Release|x86
		{D4D640D4-55F1-4C2A-A707-4812FEFBF468}.AppStore|iPhoneSimulator.Deploy.0 = Release|x86
		{D4D640D4-55F1-4C2A-A707-4812FEFBF468}.AppStore|x64.ActiveCfg = Release|x64
		{D4D640D4-55F1-4C2A-A707-4812FEFBF468}.AppStore|x64.Build.0 = Release|x64
		{D4D640D4-55F1-4C2A-A707-4812FEFBF468}.AppStore|x64.Deploy.0 = Release|x64
		{D4D640D4-55F1-4C2A-A707-4812FEFBF468}.AppStore|x86.ActiveCfg = Release|x86
		{D4D640D4-55F1-4C2A-A707-4812FEFBF468}.AppStore|x86.Build.0 = Release|x86
		{D4D640D4-55F1-4C2A-A707-4812FEFBF468}.AppStore|x86.Deploy.0 = Release|x86
		{D4D640D4-55F1-4C2A-A707-4812FEFBF468}.Debug|Any CPU.ActiveCfg = Debug|x86
		{D4D640D4-55F1-4C2A-A707-4812FEFBF468}.Debug|Any CPU.Build.0 = Debug|x86
		{D4D640D4-55F1-4C2A-A707-4812FEFBF468}.Debug|Any CPU.Deploy.0 = Debug|x86
		{D4D640D4-55F1-4C2A-A707-4812FEFBF468}.Debug|ARM.ActiveCfg = Debug|ARM
		{D4D640D4-55F1-4C2A-A707-4812FEFBF468}.Debug|ARM.Build.0 = Debug|ARM
		{D4D640D4-55F1-4C2A-A707-4812FEFBF468}.Debug|ARM.Deploy.0 = Debug|ARM
		{D4D640D4-55F1-4C2A-A707-4812FEFBF468}.Debug|iPhone.ActiveCfg = Debug|x86
		{D4D640D4-55F1-4C2A-A707-4812FEFBF468}.Debug|iPhone.Build.0 = Debug|x86
		{D4D640D4-55F1-4C2A-A707-4812FEFBF468}.Debug|iPhone.Deploy.0 = Debug|x86
		{D4D640D4-55F1-4C2A-A707-4812FEFBF468}.Debug|iPhoneSimulator.ActiveCfg = Debug|x86
		{D4D640D4-55F1-4C2A-A707-4812FEFBF468}.Debug|iPhoneSimulator.Build.0 = Debug|x86
		{D4D640D4-55F1-4C2A-A707-4812FEFBF468}.Debug|iPhoneSimulator.Deploy.0 = Debug|x86
		{D4D640D4-55F1-4C2A-A707-4812FEFBF468}.Debug|x64.ActiveCfg = Debug|x64
		{D4D640D4-55F1-4C2A-A707-4812FEFBF468}.Debug|x64.Build.0 = Debug|x64
		{D4D640D4-55F1-4C2A-A707-4812FEFBF468}.Debug|x64.Deploy.0 = Debug|x64
		{D4D640D4-55F1-4C2A-A707-4812FEFBF468}.Debug|x86.ActiveCfg = Debug|x86
		{D4D640D4-55F1-4C2A-A707-4812FEFBF468}.Debug|x86.Build.0 = Debug|x86
		{D4D640D4-55F1-4C2A-A707-4812FEFBF468}.Debug|x86.Deploy.0 = Debug|x86
		{D4D640D4-55F1-4C2A-A707-4812FEFBF468}.Release|Any CPU.ActiveCfg = Release|x86
		{D4D640D4-55F1-4C2A-A707-4812FEFBF468}.Release|Any CPU.Build.0 = Release|x86
		{D4D640D4-55F1-4C2A-A707-4812FEFBF468}.Release|Any CPU.Deploy.0 = Release|x86
		{D4D640D4-55F1-4C2A-A707-4812FEFBF468}.Release|ARM.ActiveCfg = Release|ARM
		{D4D640D4-55F1-4C2A-A707-4812FEFBF468}.Release|ARM.Build.0 = Release|ARM
		{D4D640D4-55F1-4C2A-A707-4812FEFBF468}.Release|ARM.Deploy.0 = Release|ARM
		{D4D640D4-55F1-4C2A-A707-4812FEFBF468}.Release|iPhone.ActiveCfg = Release|x86
		{D4D640D4-55F1-4C2A-A707-4812FEFBF468}.Release|iPhone.Build.0 = Release|x86
		{D4D640D4-55F1-4C2A-A707-4812FEFBF468}.Release|iPhone.Deploy.0 = Release|x86
		{D4D640D4-55F1-4C2A-A707-4812FEFBF468}.Release|iPhoneSimulator.ActiveCfg = Release|x86
		{D4D640D4-55F1-4C2A-A707-4812FEFBF468}.Release|iPhoneSimulator.Build.0 = Release|x86
		{D4D640D4-55F1-4C2A-A707-4812FEFBF468}.Release|iPhoneSimulator.Deploy.0 = Release|x86
		{D4D640D4-55F1-4C2A-A707-4812FEFBF468}.Release|x64.ActiveCfg = Release|x64
		{D4D640D4-55F1-4C2A-A707-4812FEFBF468}.Release|x64.Build.0 = Release|x64
		{D4D640D4-55F1-4C2A-A707-4812FEFBF468}.Release|x64.Deploy.0 = Release|x64
		{D4D640D4-55F1-4C2A-A707-4812FEFBF468}.Release|x86.ActiveCfg = Release|x86
		{D4D640D4-55F1-4C2A-A707-4812FEFBF468}.Release|x86.Build.0 = Release|x86
		{D4D640D4-55F1-4C2A-A707-4812FEFBF468}.Release|x86.Deploy.0 = Release|x86
		{D6AB4235-F600-424C-959B-22B24C92B0AC}.Ad-Hoc|Any CPU.ActiveCfg = Debug|Any CPU
		{D6AB4235-F600-424C-959B-22B24C92B0AC}.Ad-Hoc|Any CPU.Build.0 = Debug|Any CPU
		{D6AB4235-F600-424C-959B-22B24C92B0AC}.Ad-Hoc|Any CPU.Deploy.0 = Debug|Any CPU
		{D6AB4235-F600-424C-959B-22B24C92B0AC}.Ad-Hoc|ARM.ActiveCfg = Debug|Any CPU
		{D6AB4235-F600-424C-959B-22B24C92B0AC}.Ad-Hoc|ARM.Build.0 = Debug|Any CPU
		{D6AB4235-F600-424C-959B-22B24C92B0AC}.Ad-Hoc|ARM.Deploy.0 = Debug|Any CPU
		{D6AB4235-F600-424C-959B-22B24C92B0AC}.Ad-Hoc|iPhone.ActiveCfg = Debug|Any CPU
		{D6AB4235-F600-424C-959B-22B24C92B0AC}.Ad-Hoc|iPhone.Build.0 = Debug|Any CPU
		{D6AB4235-F600-424C-959B-22B24C92B0AC}.Ad-Hoc|iPhone.Deploy.0 = Debug|Any CPU
		{D6AB4235-F600-424C-959B-22B24C92B0AC}.Ad-Hoc|iPhoneSimulator.ActiveCfg = Debug|Any CPU
		{D6AB4235-F600-424C-959B-22B24C92B0AC}.Ad-Hoc|iPhoneSimulator.Build.0 = Debug|Any CPU
		{D6AB4235-F600-424C-959B-22B24C92B0AC}.Ad-Hoc|iPhoneSimulator.Deploy.0 = Debug|Any CPU
		{D6AB4235-F600-424C-959B-22B24C92B0AC}.Ad-Hoc|x64.ActiveCfg = Debug|Any CPU
		{D6AB4235-F600-424C-959B-22B24C92B0AC}.Ad-Hoc|x64.Build.0 = Debug|Any CPU
		{D6AB4235-F600-424C-959B-22B24C92B0AC}.Ad-Hoc|x64.Deploy.0 = Debug|Any CPU
		{D6AB4235-F600-424C-959B-22B24C92B0AC}.Ad-Hoc|x86.ActiveCfg = Debug|Any CPU
		{D6AB4235-F600-424C-959B-22B24C92B0AC}.Ad-Hoc|x86.Build.0 = Debug|Any CPU
		{D6AB4235-F600-424C-959B-22B24C92B0AC}.Ad-Hoc|x86.Deploy.0 = Debug|Any CPU
		{D6AB4235-F600-424C-959B-22B24C92B0AC}.AppStore|Any CPU.ActiveCfg = Debug|Any CPU
		{D6AB4235-F600-424C-959B-22B24C92B0AC}.AppStore|Any CPU.Build.0 = Debug|Any CPU
		{D6AB4235-F600-424C-959B-22B24C92B0AC}.AppStore|Any CPU.Deploy.0 = Debug|Any CPU
		{D6AB4235-F600-424C-959B-22B24C92B0AC}.AppStore|ARM.ActiveCfg = Debug|Any CPU
		{D6AB4235-F600-424C-959B-22B24C92B0AC}.AppStore|ARM.Build.0 = Debug|Any CPU
		{D6AB4235-F600-424C-959B-22B24C92B0AC}.AppStore|ARM.Deploy.0 = Debug|Any CPU
		{D6AB4235-F600-424C-959B-22B24C92B0AC}.AppStore|iPhone.ActiveCfg = Debug|Any CPU
		{D6AB4235-F600-424C-959B-22B24C92B0AC}.AppStore|iPhone.Build.0 = Debug|Any CPU
		{D6AB4235-F600-424C-959B-22B24C92B0AC}.AppStore|iPhone.Deploy.0 = Debug|Any CPU
		{D6AB4235-F600-424C-959B-22B24C92B0AC}.AppStore|iPhoneSimulator.ActiveCfg = Debug|Any CPU
		{D6AB4235-F600-424C-959B-22B24C92B0AC}.AppStore|iPhoneSimulator.Build.0 = Debug|Any CPU
		{D6AB4235-F600-424C-959B-22B24C92B0AC}.AppStore|iPhoneSimulator.Deploy.0 = Debug|Any CPU
		{D6AB4235-F600-424C-959B-22B24C92B0AC}.AppStore|x64.ActiveCfg = Debug|Any CPU
		{D6AB4235-F600-424C-959B-22B24C92B0AC}.AppStore|x64.Build.0 = Debug|Any CPU
		{D6AB4235-F600-424C-959B-22B24C92B0AC}.AppStore|x64.Deploy.0 = Debug|Any CPU
		{D6AB4235-F600-424C-959B-22B24C92B0AC}.AppStore|x86.ActiveCfg = Debug|Any CPU
		{D6AB4235-F600-424C-959B-22B24C92B0AC}.AppStore|x86.Build.0 = Debug|Any CPU
		{D6AB4235-F600-424C-959B-22B24C92B0AC}.AppStore|x86.Deploy.0 = Debug|Any CPU
		{D6AB4235-F600-424C-959B-22B24C92B0AC}.Debug|Any CPU.ActiveCfg = Debug|Any CPU
		{D6AB4235-F600-424C-959B-22B24C92B0AC}.Debug|Any CPU.Build.0 = Debug|Any CPU
		{D6AB4235-F600-424C-959B-22B24C92B0AC}.Debug|Any CPU.Deploy.0 = Debug|Any CPU
		{D6AB4235-F600-424C-959B-22B24C92B0AC}.Debug|ARM.ActiveCfg = Debug|Any CPU
		{D6AB4235-F600-424C-959B-22B24C92B0AC}.Debug|ARM.Build.0 = Debug|Any CPU
		{D6AB4235-F600-424C-959B-22B24C92B0AC}.Debug|ARM.Deploy.0 = Debug|Any CPU
		{D6AB4235-F600-424C-959B-22B24C92B0AC}.Debug|iPhone.ActiveCfg = Debug|Any CPU
		{D6AB4235-F600-424C-959B-22B24C92B0AC}.Debug|iPhone.Build.0 = Debug|Any CPU
		{D6AB4235-F600-424C-959B-22B24C92B0AC}.Debug|iPhone.Deploy.0 = Debug|Any CPU
		{D6AB4235-F600-424C-959B-22B24C92B0AC}.Debug|iPhoneSimulator.ActiveCfg = Debug|Any CPU
		{D6AB4235-F600-424C-959B-22B24C92B0AC}.Debug|iPhoneSimulator.Build.0 = Debug|Any CPU
		{D6AB4235-F600-424C-959B-22B24C92B0AC}.Debug|iPhoneSimulator.Deploy.0 = Debug|Any CPU
		{D6AB4235-F600-424C-959B-22B24C92B0AC}.Debug|x64.ActiveCfg = Debug|Any CPU
		{D6AB4235-F600-424C-959B-22B24C92B0AC}.Debug|x64.Build.0 = Debug|Any CPU
		{D6AB4235-F600-424C-959B-22B24C92B0AC}.Debug|x64.Deploy.0 = Debug|Any CPU
		{D6AB4235-F600-424C-959B-22B24C92B0AC}.Debug|x86.ActiveCfg = Debug|Any CPU
		{D6AB4235-F600-424C-959B-22B24C92B0AC}.Debug|x86.Build.0 = Debug|Any CPU
		{D6AB4235-F600-424C-959B-22B24C92B0AC}.Debug|x86.Deploy.0 = Debug|Any CPU
		{D6AB4235-F600-424C-959B-22B24C92B0AC}.Release|Any CPU.ActiveCfg = Release|Any CPU
		{D6AB4235-F600-424C-959B-22B24C92B0AC}.Release|Any CPU.Build.0 = Release|Any CPU
		{D6AB4235-F600-424C-959B-22B24C92B0AC}.Release|Any CPU.Deploy.0 = Release|Any CPU
		{D6AB4235-F600-424C-959B-22B24C92B0AC}.Release|ARM.ActiveCfg = Release|Any CPU
		{D6AB4235-F600-424C-959B-22B24C92B0AC}.Release|ARM.Build.0 = Release|Any CPU
		{D6AB4235-F600-424C-959B-22B24C92B0AC}.Release|ARM.Deploy.0 = Release|Any CPU
		{D6AB4235-F600-424C-959B-22B24C92B0AC}.Release|iPhone.ActiveCfg = Release|Any CPU
		{D6AB4235-F600-424C-959B-22B24C92B0AC}.Release|iPhone.Build.0 = Release|Any CPU
		{D6AB4235-F600-424C-959B-22B24C92B0AC}.Release|iPhone.Deploy.0 = Release|Any CPU
		{D6AB4235-F600-424C-959B-22B24C92B0AC}.Release|iPhoneSimulator.ActiveCfg = Release|Any CPU
		{D6AB4235-F600-424C-959B-22B24C92B0AC}.Release|iPhoneSimulator.Build.0 = Release|Any CPU
		{D6AB4235-F600-424C-959B-22B24C92B0AC}.Release|iPhoneSimulator.Deploy.0 = Release|Any CPU
		{D6AB4235-F600-424C-959B-22B24C92B0AC}.Release|x64.ActiveCfg = Release|Any CPU
		{D6AB4235-F600-424C-959B-22B24C92B0AC}.Release|x64.Build.0 = Release|Any CPU
		{D6AB4235-F600-424C-959B-22B24C92B0AC}.Release|x64.Deploy.0 = Release|Any CPU
		{D6AB4235-F600-424C-959B-22B24C92B0AC}.Release|x86.ActiveCfg = Release|Any CPU
		{D6AB4235-F600-424C-959B-22B24C92B0AC}.Release|x86.Build.0 = Release|Any CPU
		{D6AB4235-F600-424C-959B-22B24C92B0AC}.Release|x86.Deploy.0 = Release|Any CPU
		{A0E9284B-B8EE-4A26-A98D-33C26D29CAAD}.Ad-Hoc|Any CPU.ActiveCfg = Release|iPhone
		{A0E9284B-B8EE-4A26-A98D-33C26D29CAAD}.Ad-Hoc|Any CPU.Build.0 = Release|iPhone
		{A0E9284B-B8EE-4A26-A98D-33C26D29CAAD}.Ad-Hoc|ARM.ActiveCfg = Release|iPhone
		{A0E9284B-B8EE-4A26-A98D-33C26D29CAAD}.Ad-Hoc|ARM.Build.0 = Release|iPhone
		{A0E9284B-B8EE-4A26-A98D-33C26D29CAAD}.Ad-Hoc|iPhone.ActiveCfg = Release|iPhone
		{A0E9284B-B8EE-4A26-A98D-33C26D29CAAD}.Ad-Hoc|iPhone.Build.0 = Release|iPhone
		{A0E9284B-B8EE-4A26-A98D-33C26D29CAAD}.Ad-Hoc|iPhoneSimulator.ActiveCfg = Release|iPhoneSimulator
		{A0E9284B-B8EE-4A26-A98D-33C26D29CAAD}.Ad-Hoc|iPhoneSimulator.Build.0 = Release|iPhoneSimulator
		{A0E9284B-B8EE-4A26-A98D-33C26D29CAAD}.Ad-Hoc|x64.ActiveCfg = Release|iPhone
		{A0E9284B-B8EE-4A26-A98D-33C26D29CAAD}.Ad-Hoc|x64.Build.0 = Release|iPhone
		{A0E9284B-B8EE-4A26-A98D-33C26D29CAAD}.Ad-Hoc|x86.ActiveCfg = Release|iPhone
		{A0E9284B-B8EE-4A26-A98D-33C26D29CAAD}.Ad-Hoc|x86.Build.0 = Release|iPhone
		{A0E9284B-B8EE-4A26-A98D-33C26D29CAAD}.AppStore|Any CPU.ActiveCfg = Release|iPhone
		{A0E9284B-B8EE-4A26-A98D-33C26D29CAAD}.AppStore|Any CPU.Build.0 = Release|iPhone
		{A0E9284B-B8EE-4A26-A98D-33C26D29CAAD}.AppStore|ARM.ActiveCfg = Release|iPhone
		{A0E9284B-B8EE-4A26-A98D-33C26D29CAAD}.AppStore|ARM.Build.0 = Release|iPhone
		{A0E9284B-B8EE-4A26-A98D-33C26D29CAAD}.AppStore|iPhone.ActiveCfg = Release|iPhone
		{A0E9284B-B8EE-4A26-A98D-33C26D29CAAD}.AppStore|iPhone.Build.0 = Release|iPhone
		{A0E9284B-B8EE-4A26-A98D-33C26D29CAAD}.AppStore|iPhoneSimulator.ActiveCfg = Release|iPhoneSimulator
		{A0E9284B-B8EE-4A26-A98D-33C26D29CAAD}.AppStore|iPhoneSimulator.Build.0 = Release|iPhoneSimulator
		{A0E9284B-B8EE-4A26-A98D-33C26D29CAAD}.AppStore|x64.ActiveCfg = Release|iPhone
		{A0E9284B-B8EE-4A26-A98D-33C26D29CAAD}.AppStore|x64.Build.0 = Release|iPhone
		{A0E9284B-B8EE-4A26-A98D-33C26D29CAAD}.AppStore|x86.ActiveCfg = Release|iPhone
		{A0E9284B-B8EE-4A26-A98D-33C26D29CAAD}.AppStore|x86.Build.0 = Release|iPhone
		{A0E9284B-B8EE-4A26-A98D-33C26D29CAAD}.Debug|Any CPU.ActiveCfg = Debug|iPhone
		{A0E9284B-B8EE-4A26-A98D-33C26D29CAAD}.Debug|ARM.ActiveCfg = Debug|iPhone
		{A0E9284B-B8EE-4A26-A98D-33C26D29CAAD}.Debug|iPhone.ActiveCfg = Debug|iPhone
		{A0E9284B-B8EE-4A26-A98D-33C26D29CAAD}.Debug|iPhone.Build.0 = Debug|iPhone
		{A0E9284B-B8EE-4A26-A98D-33C26D29CAAD}.Debug|iPhoneSimulator.ActiveCfg = Debug|iPhoneSimulator
		{A0E9284B-B8EE-4A26-A98D-33C26D29CAAD}.Debug|iPhoneSimulator.Build.0 = Debug|iPhoneSimulator
		{A0E9284B-B8EE-4A26-A98D-33C26D29CAAD}.Debug|x64.ActiveCfg = Debug|iPhone
		{A0E9284B-B8EE-4A26-A98D-33C26D29CAAD}.Debug|x86.ActiveCfg = Debug|iPhone
		{A0E9284B-B8EE-4A26-A98D-33C26D29CAAD}.Release|Any CPU.ActiveCfg = Release|iPhone
		{A0E9284B-B8EE-4A26-A98D-33C26D29CAAD}.Release|ARM.ActiveCfg = Release|iPhone
		{A0E9284B-B8EE-4A26-A98D-33C26D29CAAD}.Release|iPhone.ActiveCfg = Release|iPhone
		{A0E9284B-B8EE-4A26-A98D-33C26D29CAAD}.Release|iPhone.Build.0 = Release|iPhone
		{A0E9284B-B8EE-4A26-A98D-33C26D29CAAD}.Release|iPhoneSimulator.ActiveCfg = Release|iPhoneSimulator
		{A0E9284B-B8EE-4A26-A98D-33C26D29CAAD}.Release|iPhoneSimulator.Build.0 = Release|iPhoneSimulator
		{A0E9284B-B8EE-4A26-A98D-33C26D29CAAD}.Release|x64.ActiveCfg = Release|iPhone
		{A0E9284B-B8EE-4A26-A98D-33C26D29CAAD}.Release|x86.ActiveCfg = Release|iPhone
		{651BBA40-27EF-4218-B520-819459E6830C}.Ad-Hoc|Any CPU.ActiveCfg = Release|iPhone
		{651BBA40-27EF-4218-B520-819459E6830C}.Ad-Hoc|Any CPU.Build.0 = Release|iPhone
		{651BBA40-27EF-4218-B520-819459E6830C}.Ad-Hoc|ARM.ActiveCfg = Release|iPhone
		{651BBA40-27EF-4218-B520-819459E6830C}.Ad-Hoc|ARM.Build.0 = Release|iPhone
		{651BBA40-27EF-4218-B520-819459E6830C}.Ad-Hoc|iPhone.ActiveCfg = Release|iPhone
		{651BBA40-27EF-4218-B520-819459E6830C}.Ad-Hoc|iPhone.Build.0 = Release|iPhone
		{651BBA40-27EF-4218-B520-819459E6830C}.Ad-Hoc|iPhoneSimulator.ActiveCfg = Release|iPhoneSimulator
		{651BBA40-27EF-4218-B520-819459E6830C}.Ad-Hoc|iPhoneSimulator.Build.0 = Release|iPhoneSimulator
		{651BBA40-27EF-4218-B520-819459E6830C}.Ad-Hoc|x64.ActiveCfg = Release|iPhone
		{651BBA40-27EF-4218-B520-819459E6830C}.Ad-Hoc|x64.Build.0 = Release|iPhone
		{651BBA40-27EF-4218-B520-819459E6830C}.Ad-Hoc|x86.ActiveCfg = Release|iPhone
		{651BBA40-27EF-4218-B520-819459E6830C}.Ad-Hoc|x86.Build.0 = Release|iPhone
		{651BBA40-27EF-4218-B520-819459E6830C}.AppStore|Any CPU.ActiveCfg = Release|iPhone
		{651BBA40-27EF-4218-B520-819459E6830C}.AppStore|Any CPU.Build.0 = Release|iPhone
		{651BBA40-27EF-4218-B520-819459E6830C}.AppStore|ARM.ActiveCfg = Release|iPhone
		{651BBA40-27EF-4218-B520-819459E6830C}.AppStore|ARM.Build.0 = Release|iPhone
		{651BBA40-27EF-4218-B520-819459E6830C}.AppStore|iPhone.ActiveCfg = Release|iPhone
		{651BBA40-27EF-4218-B520-819459E6830C}.AppStore|iPhone.Build.0 = Release|iPhone
		{651BBA40-27EF-4218-B520-819459E6830C}.AppStore|iPhoneSimulator.ActiveCfg = Release|iPhoneSimulator
		{651BBA40-27EF-4218-B520-819459E6830C}.AppStore|iPhoneSimulator.Build.0 = Release|iPhoneSimulator
		{651BBA40-27EF-4218-B520-819459E6830C}.AppStore|x64.ActiveCfg = Release|iPhone
		{651BBA40-27EF-4218-B520-819459E6830C}.AppStore|x64.Build.0 = Release|iPhone
		{651BBA40-27EF-4218-B520-819459E6830C}.AppStore|x86.ActiveCfg = Release|iPhone
		{651BBA40-27EF-4218-B520-819459E6830C}.AppStore|x86.Build.0 = Release|iPhone
		{651BBA40-27EF-4218-B520-819459E6830C}.Debug|Any CPU.ActiveCfg = Debug|iPhone
		{651BBA40-27EF-4218-B520-819459E6830C}.Debug|ARM.ActiveCfg = Debug|iPhone
		{651BBA40-27EF-4218-B520-819459E6830C}.Debug|iPhone.ActiveCfg = Debug|iPhone
		{651BBA40-27EF-4218-B520-819459E6830C}.Debug|iPhone.Build.0 = Debug|iPhone
		{651BBA40-27EF-4218-B520-819459E6830C}.Debug|iPhoneSimulator.ActiveCfg = Debug|iPhoneSimulator
		{651BBA40-27EF-4218-B520-819459E6830C}.Debug|iPhoneSimulator.Build.0 = Debug|iPhoneSimulator
		{651BBA40-27EF-4218-B520-819459E6830C}.Debug|x64.ActiveCfg = Debug|iPhone
		{651BBA40-27EF-4218-B520-819459E6830C}.Debug|x86.ActiveCfg = Debug|iPhone
		{651BBA40-27EF-4218-B520-819459E6830C}.Release|Any CPU.ActiveCfg = Release|iPhone
		{651BBA40-27EF-4218-B520-819459E6830C}.Release|ARM.ActiveCfg = Release|iPhone
		{651BBA40-27EF-4218-B520-819459E6830C}.Release|iPhone.ActiveCfg = Release|iPhone
		{651BBA40-27EF-4218-B520-819459E6830C}.Release|iPhone.Build.0 = Release|iPhone
		{651BBA40-27EF-4218-B520-819459E6830C}.Release|iPhoneSimulator.ActiveCfg = Release|iPhoneSimulator
		{651BBA40-27EF-4218-B520-819459E6830C}.Release|iPhoneSimulator.Build.0 = Release|iPhoneSimulator
		{651BBA40-27EF-4218-B520-819459E6830C}.Release|x64.ActiveCfg = Release|iPhone
		{651BBA40-27EF-4218-B520-819459E6830C}.Release|x86.ActiveCfg = Release|iPhone
	EndGlobalSection
	GlobalSection(SolutionProperties) = preSolution
		HideSolutionNode = FALSE
	EndGlobalSection
	GlobalSection(ExtensibilityGlobals) = postSolution
		SolutionGuid = {8AEB61CA-233C-4B29-AE8A-7C08C021AE57}
	EndGlobalSection
EndGlobal
